# This file is autogenerated, do not edit; changes may be undone by the next 'dep ensure'.


[[projects]]
  name = "github.com/Sirupsen/logrus"
  packages = ["."]
  revision = "f006c2ac4710855cf0f916dd6b77acf6b048dc6e"
  version = "v1.0.3"

[[projects]]
  branch = "master"
  name = "github.com/armon/go-radix"
  packages = ["."]
  revision = "1fca145dffbcaa8fe914309b1ec0cfc67500fe61"

[[projects]]
  branch = "master"
  name = "github.com/ghowland/ddd"
  packages = ["ddd"]
  revision = "2eafe38a30c2f610f83d8e8f47f512f48c46547b"

[[projects]]
  branch = "master"
  name = "github.com/jacksontj/dataman"
  packages = ["src/datamantype","src/httputil","src/query","src/router_node/functiondefault","src/router_node/sharding","src/storage_node","src/storage_node/datasource","src/storage_node/datasource/pgstore","src/storage_node/metadata","src/storage_node/metadata/filter"]
  revision = "de2b7a0179d3b93d6d01191e80fed6ec531683a5"

[[projects]]
  name = "github.com/julienschmidt/httprouter"
  packages = ["."]
  revision = "8c199fb6259ffc1af525cc3ad52ee60ba8359669"
  version = "v1.1"

[[projects]]
  branch = "master"
  name = "github.com/junhsieh/goexamples"
  packages = ["fieldbinding/fieldbinding"]
  revision = "4d9d4a36bdab0b05981021855ca0ab5b134e1051"

[[projects]]
  branch = "master"
  name = "github.com/lib/pq"
  packages = [".","oid"]
  revision = "017e4c14d80628353eaee677a1aeffe47a10c0dc"

[[projects]]
  branch = "master"
  name = "github.com/mitchellh/copystructure"
  packages = ["."]
  revision = "d23ffcb85de31694d6ccaa23ccb4a03e55c1303f"

[[projects]]
  branch = "master"
  name = "github.com/mitchellh/reflectwalk"
  packages = ["."]
  revision = "63d60e9d0dbc60cf9164e6510889b0db6683d98c"

[[projects]]
  branch = "master"
  name = "github.com/nu7hatch/gouuid"
  packages = ["."]
  revision = "179d4d0c4d8d407a32af483c2354df1d2c91e6c3"

[[projects]]
  branch = "master"
  name = "github.com/rcrowley/go-metrics"
  packages = [".","exp"]
  revision = "1f30fe9094a513ce4c700b9a54458bbb0c96996c"

[[projects]]
  name = "github.com/renstrom/go-jump-consistent-hash"
  packages = ["."]
  revision = "4add6a9a6b15cd81ba3d3b7710bab01585de9558"
  version = "v1.0.0"

[[projects]]
  branch = "master"
  name = "github.com/segmentio/ksuid"
  packages = ["."]
  revision = "3afe411cb572d01e8cca76be44d691de89efb1fb"

[[projects]]
  branch = "master"
  name = "golang.org/x/crypto"
  packages = ["ssh/terminal"]
  revision = "9419663f5a44be8b34ca85f08abc5fe1be11f8a3"

[[projects]]
  branch = "master"
  name = "golang.org/x/sys"
  packages = ["unix","windows"]
  revision = "ebfc5b4631820b793c9010c87fd8fef0f39eb082"

[[projects]]
  name = "gopkg.in/asn1-ber.v1"
  packages = ["."]
  revision = "379148ca0225df7a432012b8df0355c2a2063ac0"
  version = "v1.2"

[[projects]]
  name = "gopkg.in/ldap.v2"
  packages = ["."]
  revision = "8168ee085ee43257585e50c6441aadf54ecb2c9f"
  version = "v2.5.0"

[[projects]]
  branch = "v2"
  name = "gopkg.in/yaml.v2"
  packages = ["."]
  revision = "eb3733d160e74a9c7e442f435eb3bea458e1d19f"

[solve-meta]
  analyzer-name = "dep"
  analyzer-version = 1
  inputs-digest = "8e88d3467096fd505aeb00bebe72f0dde2ef74fe9f1c88da41f1b0b18e556fe0"
  solver-name = "gps-cdcl"
  solver-version = 1
